// !$*UTF8*$!
{
	archiveVersion = 1;
	classes = {
	};
	objectVersion = 55;
	objects = {

/* Begin PBXBuildFile section */
		4CBF2CBC28CB77EF006E01C2 /* SymbolCounterView.swift in Sources */ = {isa = PBXBuildFile; fileRef = 4CBF2CBB28CB77EF006E01C2 /* SymbolCounterView.swift */; };
		4CBF2CBE28CB788B006E01C2 /* RegisterButtonView.swift in Sources */ = {isa = PBXBuildFile; fileRef = 4CBF2CBD28CB788B006E01C2 /* RegisterButtonView.swift */; };
		4CBF2CC028CB7C86006E01C2 /* LogoutButtonView.swift in Sources */ = {isa = PBXBuildFile; fileRef = 4CBF2CBF28CB7C86006E01C2 /* LogoutButtonView.swift */; };
		4CBF2CC228CB89ED006E01C2 /* StorageManager.swift in Sources */ = {isa = PBXBuildFile; fileRef = 4CBF2CC128CB89ED006E01C2 /* StorageManager.swift */; };
		4CDC028428CB66E2004AC3A1 /* StatesSwiftUIApp.swift in Sources */ = {isa = PBXBuildFile; fileRef = 4CDC028328CB66E2004AC3A1 /* StatesSwiftUIApp.swift */; };
		4CDC028628CB66E2004AC3A1 /* ContentView.swift in Sources */ = {isa = PBXBuildFile; fileRef = 4CDC028528CB66E2004AC3A1 /* ContentView.swift */; };
		4CDC028828CB66E2004AC3A1 /* Assets.xcassets in Resources */ = {isa = PBXBuildFile; fileRef = 4CDC028728CB66E2004AC3A1 /* Assets.xcassets */; };
		4CDC028B28CB66E2004AC3A1 /* Preview Assets.xcassets in Resources */ = {isa = PBXBuildFile; fileRef = 4CDC028A28CB66E2004AC3A1 /* Preview Assets.xcassets */; };
		4CDC029228CB6A67004AC3A1 /* TimerButtonView.swift in Sources */ = {isa = PBXBuildFile; fileRef = 4CDC029128CB6A67004AC3A1 /* TimerButtonView.swift */; };
		4CDC029428CB6A92004AC3A1 /* UserManager.swift in Sources */ = {isa = PBXBuildFile; fileRef = 4CDC029328CB6A92004AC3A1 /* UserManager.swift */; };
		4CDC029628CB6ACE004AC3A1 /* TimeCounter.swift in Sources */ = {isa = PBXBuildFile; fileRef = 4CDC029528CB6ACE004AC3A1 /* TimeCounter.swift */; };
		4CDC029828CB6F27004AC3A1 /* RegisterView.swift in Sources */ = {isa = PBXBuildFile; fileRef = 4CDC029728CB6F27004AC3A1 /* RegisterView.swift */; };
		4CDC029A28CB701E004AC3A1 /* StarterView.swift in Sources */ = {isa = PBXBuildFile; fileRef = 4CDC029928CB701E004AC3A1 /* StarterView.swift */; };
/* End PBXBuildFile section */

/* Begin PBXFileReference section */
		4CBF2CBB28CB77EF006E01C2 /* SymbolCounterView.swift */ = {isa = PBXFileReference; lastKnownFileType = sourcecode.swift; path = SymbolCounterView.swift; sourceTree = "<group>"; };
		4CBF2CBD28CB788B006E01C2 /* RegisterButtonView.swift */ = {isa = PBXFileReference; lastKnownFileType = sourcecode.swift; path = RegisterButtonView.swift; sourceTree = "<group>"; };
		4CBF2CBF28CB7C86006E01C2 /* LogoutButtonView.swift */ = {isa = PBXFileReference; lastKnownFileType = sourcecode.swift; path = LogoutButtonView.swift; sourceTree = "<group>"; };
		4CBF2CC128CB89ED006E01C2 /* StorageManager.swift */ = {isa = PBXFileReference; lastKnownFileType = sourcecode.swift; path = StorageManager.swift; sourceTree = "<group>"; };
		4CDC028028CB66E2004AC3A1 /* StatesSwiftUI.app */ = {isa = PBXFileReference; explicitFileType = wrapper.application; includeInIndex = 0; path = StatesSwiftUI.app; sourceTree = BUILT_PRODUCTS_DIR; };
		4CDC028328CB66E2004AC3A1 /* StatesSwiftUIApp.swift */ = {isa = PBXFileReference; lastKnownFileType = sourcecode.swift; path = StatesSwiftUIApp.swift; sourceTree = "<group>"; };
		4CDC028528CB66E2004AC3A1 /* ContentView.swift */ = {isa = PBXFileReference; lastKnownFileType = sourcecode.swift; path = ContentView.swift; sourceTree = "<group>"; };
		4CDC028728CB66E2004AC3A1 /* Assets.xcassets */ = {isa = PBXFileReference; lastKnownFileType = folder.assetcatalog; path = Assets.xcassets; sourceTree = "<group>"; };
		4CDC028A28CB66E2004AC3A1 /* Preview Assets.xcassets */ = {isa = PBXFileReference; lastKnownFileType = folder.assetcatalog; path = "Preview Assets.xcassets"; sourceTree = "<group>"; };
		4CDC029128CB6A67004AC3A1 /* TimerButtonView.swift */ = {isa = PBXFileReference; lastKnownFileType = sourcecode.swift; path = TimerButtonView.swift; sourceTree = "<group>"; };
		4CDC029328CB6A92004AC3A1 /* UserManager.swift */ = {isa = PBXFileReference; lastKnownFileType = sourcecode.swift; path = UserManager.swift; sourceTree = "<group>"; };
		4CDC029528CB6ACE004AC3A1 /* TimeCounter.swift */ = {isa = PBXFileReference; lastKnownFileType = sourcecode.swift; path = TimeCounter.swift; sourceTree = "<group>"; };
		4CDC029728CB6F27004AC3A1 /* RegisterView.swift */ = {isa = PBXFileReference; lastKnownFileType = sourcecode.swift; path = RegisterView.swift; sourceTree = "<group>"; };
		4CDC029928CB701E004AC3A1 /* StarterView.swift */ = {isa = PBXFileReference; lastKnownFileType = sourcecode.swift; path = StarterView.swift; sourceTree = "<group>"; };
/* End PBXFileReference section */

/* Begin PBXFrameworksBuildPhase section */
		4CDC027D28CB66E2004AC3A1 /* Frameworks */ = {
			isa = PBXFrameworksBuildPhase;
			buildActionMask = 2147483647;
			files = (
			);
			runOnlyForDeploymentPostprocessing = 0;
		};
/* End PBXFrameworksBuildPhase section */

/* Begin PBXGroup section */
		4CDC027728CB66E2004AC3A1 = {
			isa = PBXGroup;
			children = (
				4CDC028228CB66E2004AC3A1 /* StatesSwiftUI */,
				4CDC028128CB66E2004AC3A1 /* Products */,
			);
			sourceTree = "<group>";
		};
		4CDC028128CB66E2004AC3A1 /* Products */ = {
			isa = PBXGroup;
			children = (
				4CDC028028CB66E2004AC3A1 /* StatesSwiftUI.app */,
			);
			name = Products;
			sourceTree = "<group>";
		};
		4CDC028228CB66E2004AC3A1 /* StatesSwiftUI */ = {
			isa = PBXGroup;
			children = (
				4CDC028328CB66E2004AC3A1 /* StatesSwiftUIApp.swift */,
				4CDC028528CB66E2004AC3A1 /* ContentView.swift */,
				4CDC029728CB6F27004AC3A1 /* RegisterView.swift */,
				4CBF2CBF28CB7C86006E01C2 /* LogoutButtonView.swift */,
				4CBF2CBD28CB788B006E01C2 /* RegisterButtonView.swift */,
				4CBF2CBB28CB77EF006E01C2 /* SymbolCounterView.swift */,
				4CBF2CC128CB89ED006E01C2 /* StorageManager.swift */,
				4CDC029928CB701E004AC3A1 /* StarterView.swift */,
				4CDC029128CB6A67004AC3A1 /* TimerButtonView.swift */,
				4CDC029528CB6ACE004AC3A1 /* TimeCounter.swift */,
				4CDC029328CB6A92004AC3A1 /* UserManager.swift */,
				4CDC028728CB66E2004AC3A1 /* Assets.xcassets */,
				4CDC028928CB66E2004AC3A1 /* Preview Content */,
			);
			path = StatesSwiftUI;
			sourceTree = "<group>";
		};
		4CDC028928CB66E2004AC3A1 /* Preview Content */ = {
			isa = PBXGroup;
			children = (
				4CDC028A28CB66E2004AC3A1 /* Preview Assets.xcassets */,
			);
			path = "Preview Content";
			sourceTree = "<group>";
		};
/* End PBXGroup section */

/* Begin PBXNativeTarget section */
		4CDC027F28CB66E2004AC3A1 /* StatesSwiftUI */ = {
			isa = PBXNativeTarget;
			buildConfigurationList = 4CDC028E28CB66E2004AC3A1 /* Build configuration list for PBXNativeTarget "StatesSwiftUI" */;
			buildPhases = (
				4CDC027C28CB66E2004AC3A1 /* Sources */,
				4CDC027D28CB66E2004AC3A1 /* Frameworks */,
				4CDC027E28CB66E2004AC3A1 /* Resources */,
			);
			buildRules = (
			);
			dependencies = (
			);
			name = StatesSwiftUI;
			productName = StatesSwiftUI;
			productReference = 4CDC028028CB66E2004AC3A1 /* StatesSwiftUI.app */;
			productType = "com.apple.product-type.application";
		};
/* End PBXNativeTarget section */

/* Begin PBXProject section */
		4CDC027828CB66E2004AC3A1 /* Project object */ = {
			isa = PBXProject;
			attributes = {
				BuildIndependentTargetsInParallel = 1;
				LastSwiftUpdateCheck = 1340;
				LastUpgradeCheck = 1340;
				TargetAttributes = {
					4CDC027F28CB66E2004AC3A1 = {
						CreatedOnToolsVersion = 13.4.1;
					};
				};
			};
			buildConfigurationList = 4CDC027B28CB66E2004AC3A1 /* Build configuration list for PBXProject "StatesSwiftUI" */;
			compatibilityVersion = "Xcode 13.0";
			developmentRegion = en;
			hasScannedForEncodings = 0;
			knownRegions = (
				en,
				Base,
			);
			mainGroup = 4CDC027728CB66E2004AC3A1;
			productRefGroup = 4CDC028128CB66E2004AC3A1 /* Products */;
			projectDirPath = "";
			projectRoot = "";
			targets = (
				4CDC027F28CB66E2004AC3A1 /* StatesSwiftUI */,
			);
		};
/* End PBXProject section */

/* Begin PBXResourcesBuildPhase section */
		4CDC027E28CB66E2004AC3A1 /* Resources */ = {
			isa = PBXResourcesBuildPhase;
			buildActionMask = 2147483647;
			files = (
				4CDC028B28CB66E2004AC3A1 /* Preview Assets.xcassets in Resources */,
				4CDC028828CB66E2004AC3A1 /* Assets.xcassets in Resources */,
			);
			runOnlyForDeploymentPostprocessing = 0;
		};
/* End PBXResourcesBuildPhase section */

/* Begin PBXSourcesBuildPhase section */
		4CDC027C28CB66E2004AC3A1 /* Sources */ = {
			isa = PBXSourcesBuildPhase;
			buildActionMask = 2147483647;
			files = (
				4CDC029A28CB701E004AC3A1 /* StarterView.swift in Sources */,
				4CDC028628CB66E2004AC3A1 /* ContentView.swift in Sources */,
				4CBF2CC228CB89ED006E01C2 /* StorageManager.swift in Sources */,
				4CDC029228CB6A67004AC3A1 /* TimerButtonView.swift in Sources */,
				4CBF2CBC28CB77EF006E01C2 /* SymbolCounterView.swift in Sources */,
				4CDC029428CB6A92004AC3A1 /* UserManager.swift in Sources */,
				4CDC029828CB6F27004AC3A1 /* RegisterView.swift in Sources */,
				4CBF2CC028CB7C86006E01C2 /* LogoutButtonView.swift in Sources */,
				4CDC029628CB6ACE004AC3A1 /* TimeCounter.swift in Sources */,
				4CDC028428CB66E2004AC3A1 /* StatesSwiftUIApp.swift in Sources */,
				4CBF2CBE28CB788B006E01C2 /* RegisterButtonView.swift in Sources */,
			);
			runOnlyForDeploymentPostprocessing = 0;
		};
/* End PBXSourcesBuildPhase section */

/* Begin XCBuildConfiguration section */
		4CDC028C28CB66E2004AC3A1 /* Debug */ = {
			isa = XCBuildConfiguration;
			buildSettings = {
				ALWAYS_SEARCH_USER_PATHS = NO;
				CLANG_ANALYZER_NONNULL = YES;
				CLANG_ANALYZER_NUMBER_OBJECT_CONVERSION = YES_AGGRESSIVE;
				CLANG_CXX_LANGUAGE_STANDARD = "gnu++17";
				CLANG_ENABLE_MODULES = YES;
				CLANG_ENABLE_OBJC_ARC = YES;
				CLANG_ENABLE_OBJC_WEAK = YES;
				CLANG_WARN_BLOCK_CAPTURE_AUTORELEASING = YES;
				CLANG_WARN_BOOL_CONVERSION = YES;
				CLANG_WARN_COMMA = YES;
				CLANG_WARN_CONSTANT_CONVERSION = YES;
				CLANG_WARN_DEPRECATED_OBJC_IMPLEMENTATIONS = YES;
				CLANG_WARN_DIRECT_OBJC_ISA_USAGE = YES_ERROR;
				CLANG_WARN_DOCUMENTATION_COMMENTS = YES;
				CLANG_WARN_EMPTY_BODY = YES;
				CLANG_WARN_ENUM_CONVERSION = YES;
				CLANG_WARN_INFINITE_RECURSION = YES;
				CLANG_WARN_INT_CONVERSION = YES;
				CLANG_WARN_NON_LITERAL_NULL_CONVERSION = YES;
				CLANG_WARN_OBJC_IMPLICIT_RETAIN_SELF = YES;
				CLANG_WARN_OBJC_LITERAL_CONVERSION = YES;
				CLANG_WARN_OBJC_ROOT_CLASS = YES_ERROR;
				CLANG_WARN_QUOTED_INCLUDE_IN_FRAMEWORK_HEADER = YES;
				CLANG_WARN_RANGE_LOOP_ANALYSIS = YES;
				CLANG_WARN_STRICT_PROTOTYPES = YES;
				CLANG_WARN_SUSPICIOUS_MOVE = YES;
				CLANG_WARN_UNGUARDED_AVAILABILITY = YES_AGGRESSIVE;
				CLANG_WARN_UNREACHABLE_CODE = YES;
				CLANG_WARN__DUPLICATE_METHOD_MATCH = YES;
				COPY_PHASE_STRIP = NO;
				DEBUG_INFORMATION_FORMAT = dwarf;
				ENABLE_STRICT_OBJC_MSGSEND = YES;
				ENABLE_TESTABILITY = YES;
				GCC_C_LANGUAGE_STANDARD = gnu11;
				GCC_DYNAMIC_NO_PIC = NO;
				GCC_NO_COMMON_BLOCKS = YES;
				GCC_OPTIMIZATION_LEVEL = 0;
				GCC_PREPROCESSOR_DEFINITIONS = (
					"DEBUG=1",
					"$(inherited)",
				);
				GCC_WARN_64_TO_32_BIT_CONVERSION = YES;
				GCC_WARN_ABOUT_RETURN_TYPE = YES_ERROR;
				GCC_WARN_UNDECLARED_SELECTOR = YES;
				GCC_WARN_UNINITIALIZED_AUTOS = YES_AGGRESSIVE;
				GCC_WARN_UNUSED_FUNCTION = YES;
				GCC_WARN_UNUSED_VARIABLE = YES;
				IPHONEOS_DEPLOYMENT_TARGET = 15.5;
				MTL_ENABLE_DEBUG_INFO = INCLUDE_SOURCE;
				MTL_FAST_MATH = YES;
				ONLY_ACTIVE_ARCH = YES;
				SDKROOT = iphoneos;
				SWIFT_ACTIVE_COMPILATION_CONDITIONS = DEBUG;
				SWIFT_OPTIMIZATION_LEVEL = "-Onone";
			};
			name = Debug;
		};
		4CDC028D28CB66E2004AC3A1 /* Release */ = {
			isa = XCBuildConfiguration;
			buildSettings = {
				ALWAYS_SEARCH_USER_PATHS = NO;
				CLANG_ANALYZER_NONNULL = YES;
				CLANG_ANALYZER_NUMBER_OBJECT_CONVERSION = YES_AGGRESSIVE;
				CLANG_CXX_LANGUAGE_STANDARD = "gnu++17";
				CLANG_ENABLE_MODULES = YES;
				CLANG_ENABLE_OBJC_ARC = YES;
				CLANG_ENABLE_OBJC_WEAK = YES;
				CLANG_WARN_BLOCK_CAPTURE_AUTORELEASING = YES;
				CLANG_WARN_BOOL_CONVERSION = YES;
				CLANG_WARN_COMMA = YES;
				CLANG_WARN_CONSTANT_CONVERSION = YES;
				CLANG_WARN_DEPRECATED_OBJC_IMPLEMENTATIONS = YES;
				CLANG_WARN_DIRECT_OBJC_ISA_USAGE = YES_ERROR;
				CLANG_WARN_DOCUMENTATION_COMMENTS = YES;
				CLANG_WARN_EMPTY_BODY = YES;
				CLANG_WARN_ENUM_CONVERSION = YES;
				CLANG_WARN_INFINITE_RECURSION = YES;
				CLANG_WARN_INT_CONVERSION = YES;
				CLANG_WARN_NON_LITERAL_NULL_CONVERSION = YES;
				CLANG_WARN_OBJC_IMPLICIT_RETAIN_SELF = YES;
				CLANG_WARN_OBJC_LITERAL_CONVERSION = YES;
				CLANG_WARN_OBJC_ROOT_CLASS = YES_ERROR;
				CLANG_WARN_QUOTED_INCLUDE_IN_FRAMEWORK_HEADER = YES;
				CLANG_WARN_RANGE_LOOP_ANALYSIS = YES;
				CLANG_WARN_STRICT_PROTOTYPES = YES;
				CLANG_WARN_SUSPICIOUS_MOVE = YES;
				CLANG_WARN_UNGUARDED_AVAILABILITY = YES_AGGRESSIVE;
				CLANG_WARN_UNREACHABLE_CODE = YES;
				CLANG_WARN__DUPLICATE_METHOD_MATCH = YES;
				COPY_PHASE_STRIP = NO;
				DEBUG_INFORMATION_FORMAT = "dwarf-with-dsym";
				ENABLE_NS_ASSERTIONS = NO;
				ENABLE_STRICT_OBJC_MSGSEND = YES;
				GCC_C_LANGUAGE_STANDARD = gnu11;
				GCC_NO_COMMON_BLOCKS = YES;
				GCC_WARN_64_TO_32_BIT_CONVERSION = YES;
				GCC_WARN_ABOUT_RETURN_TYPE = YES_ERROR;
				GCC_WARN_UNDECLARED_SELECTOR = YES;
				GCC_WARN_UNINITIALIZED_AUTOS = YES_AGGRESSIVE;
				GCC_WARN_UNUSED_FUNCTION = YES;
				GCC_WARN_UNUSED_VARIABLE = YES;
				IPHONEOS_DEPLOYMENT_TARGET = 15.5;
				MTL_ENABLE_DEBUG_INFO = NO;
				MTL_FAST_MATH = YES;
				SDKROOT = iphoneos;
				SWIFT_COMPILATION_MODE = wholemodule;
				SWIFT_OPTIMIZATION_LEVEL = "-O";
				VALIDATE_PRODUCT = YES;
			};
			name = Release;
		};
		4CDC028F28CB66E2004AC3A1 /* Debug */ = {
			isa = XCBuildConfiguration;
			buildSettings = {
				ASSETCATALOG_COMPILER_APPICON_NAME = AppIcon;
				ASSETCATALOG_COMPILER_GLOBAL_ACCENT_COLOR_NAME = AccentColor;
				CODE_SIGN_STYLE = Automatic;
				CURRENT_PROJECT_VERSION = 1;
				DEVELOPMENT_ASSET_PATHS = "\"StatesSwiftUI/Preview Content\"";
				DEVELOPMENT_TEAM = 87898T57Q4;
				ENABLE_PREVIEWS = YES;
				GENERATE_INFOPLIST_FILE = YES;
				INFOPLIST_KEY_UIApplicationSceneManifest_Generation = YES;
				INFOPLIST_KEY_UIApplicationSupportsIndirectInputEvents = YES;
				INFOPLIST_KEY_UILaunchScreen_Generation = YES;
				INFOPLIST_KEY_UISupportedInterfaceOrientations_iPad = "UIInterfaceOrientationPortrait UIInterfaceOrientationPortraitUpsideDown UIInterfaceOrientationLandscapeLeft UIInterfaceOrientationLandscapeRight";
				INFOPLIST_KEY_UISupportedInterfaceOrientations_iPhone = "UIInterfaceOrientationPortrait UIInterfaceOrientationLandscapeLeft UIInterfaceOrientationLandscapeRight";
				LD_RUNPATH_SEARCH_PATHS = (
					"$(inherited)",
					"@executable_path/Frameworks",
				);
				MARKETING_VERSION = 1.0;
				PRODUCT_BUNDLE_IDENTIFIER = com.ilyaGusarov.StatesSwiftUI;
				PRODUCT_NAME = "$(TARGET_NAME)";
				SWIFT_EMIT_LOC_STRINGS = YES;
				SWIFT_VERSION = 5.0;
				TARGETED_DEVICE_FAMILY = "1,2";
			};
			name = Debug;
		};
		4CDC029028CB66E2004AC3A1 /* Release */ = {
			isa = XCBuildConfiguration;
			buildSettings = {
				ASSETCATALOG_COMPILER_APPICON_NAME = AppIcon;
				ASSETCATALOG_COMPILER_GLOBAL_ACCENT_COLOR_NAME = AccentColor;
				CODE_SIGN_STYLE = Automatic;
				CURRENT_PROJECT_VERSION = 1;
				DEVELOPMENT_ASSET_PATHS = "\"StatesSwiftUI/Preview Content\"";
				DEVELOPMENT_TEAM = 87898T57Q4;
				ENABLE_PREVIEWS = YES;
				GENERATE_INFOPLIST_FILE = YES;
				INFOPLIST_KEY_UIApplicationSceneManifest_Generation = YES;
				INFOPLIST_KEY_UIApplicationSupportsIndirectInputEvents = YES;
				INFOPLIST_KEY_UILaunchScreen_Generation = YES;
				INFOPLIST_KEY_UISupportedInterfaceOrientations_iPad = "UIInterfaceOrientationPortrait UIInterfaceOrientationPortraitUpsideDown UIInterfaceOrientationLandscapeLeft UIInterfaceOrientationLandscapeRight";
				INFOPLIST_KEY_UISupportedInterfaceOrientations_iPhone = "UIInterfaceOrientationPortrait UIInterfaceOrientationLandscapeLeft UIInterfaceOrientationLandscapeRight";
				LD_RUNPATH_SEARCH_PATHS = (
					"$(inherited)",
					"@executable_path/Frameworks",
				);
				MARKETING_VERSION = 1.0;
				PRODUCT_BUNDLE_IDENTIFIER = com.ilyaGusarov.StatesSwiftUI;
				PRODUCT_NAME = "$(TARGET_NAME)";
				SWIFT_EMIT_LOC_STRINGS = YES;
				SWIFT_VERSION = 5.0;
				TARGETED_DEVICE_FAMILY = "1,2";
			};
			name = Release;
		};
/* End XCBuildConfiguration section */

/* Begin XCConfigurationList section */
		4CDC027B28CB66E2004AC3A1 /* Build configuration list for PBXProject "StatesSwiftUI" */ = {
			isa = XCConfigurationList;
			buildConfigurations = (
				4CDC028C28CB66E2004AC3A1 /* Debug */,
				4CDC028D28CB66E2004AC3A1 /* Release */,
			);
			defaultConfigurationIsVisible = 0;
			defaultConfigurationName = Release;
		};
		4CDC028E28CB66E2004AC3A1 /* Build configuration list for PBXNativeTarget "StatesSwiftUI" */ = {
			isa = XCConfigurationList;
			buildConfigurations = (
				4CDC028F28CB66E2004AC3A1 /* Debug */,
				4CDC029028CB66E2004AC3A1 /* Release */,
			);
			defaultConfigurationIsVisible = 0;
			defaultConfigurationName = Release;
		};
/* End XCConfigurationList section */
	};
	rootObject = 4CDC027828CB66E2004AC3A1 /* Project object */;
}
